github.com/fastly/compute-sdk-go v1.7.0 h1:UepbapZSB3Y1lMMVxwHYDHsvhQMeCW9vDAx4qjKWDuA=
github.com/fastly/compute-sdk-go v1.7.0/go.mod h1:lpMbU4uglYjfPpKFpibAwAl9xCM9s8NKpYxAEj5DTXM=
github.com/gorilla/mux v1.8.1 h1:TuBL49tXwgrFYWhqrNgrUNEY92u81SPhu7sTdzQEiWY=
github.com/gorilla/mux v1.8.1/go.mod h1:AKf9I4AEqPTmMytcMc0KkNouC66V3BtZ4qD5fmWSiMQ=
