github.com/fastly/compute-sdk-go v1.4.2 h1:GhPVB+lGzOidSANwNOE/M4z3uX7p4cjTNcV8xKdZdqs=
github.com/fastly/compute-sdk-go v1.4.2/go.mod h1:D72sqisfs4IX6ckaitUNBc2daWkayIxO/fIZgFRHLT0=
github.com/fastly/compute-sdk-go v1.6.1 h1:0hZkfR2dGHsrkcNindKQCogC3lu7AMt4f8+savRipc8=
github.com/fastly/compute-sdk-go v1.6.1/go.mod h1:Vp0ABRKndMg9gbKntRkXXXxC7uNJgW64eCods/8IEtU=
github.com/google/uuid v1.6.0 h1:NIvaJDMOsjHA8n1jAhLSgzrAzy1Hgr+hNrb57e+94F0=
github.com/google/uuid v1.6.0/go.mod h1:TIyPZe4MgqvfeYDBFedMoGGpEw/LqOeaOT+nhxU+yHo=
